
Microsoft Visual Studio Solution File, Format Version 12.00
# Visual Studio Version 16
VisualStudioVersion = 16.0.30611.23
MinimumVisualStudioVersion = 10.0.40219.1
Project("{9A19103F-16F7-4668-BE54-9A1E7A4F7556}") = "OdeToFood", "OdeToFood\OdeToFood.csproj", "{2C03E43E-A9F2-44D9-9EA3-01C34154C3DF}"
EndProject
Project("{FAE04EC0-301F-11D3-BF4B-00C04F79EFBC}") = "OdeToFood.Core", "OdeToFood.Core\OdeToFood.Core.csproj", "{E0103641-0741-4B4B-9517-1DB51EC08FA0}"
EndProject
Global
	GlobalSection(SolutionConfigurationPlatforms) = preSolution
		Debug|Any CPU = Debug|Any CPU
		Release|Any CPU = Release|Any CPU
	EndGlobalSection
	GlobalSection(ProjectConfigurationPlatforms) = postSolution
		{2C03E43E-A9F2-44D9-9EA3-01C34154C3DF}.Debug|Any CPU.ActiveCfg = Debug|Any CPU
		{2C03E43E-A9F2-44D9-9EA3-01C34154C3DF}.Debug|Any CPU.Build.0 = Debug|Any CPU
		{2C03E43E-A9F2-44D9-9EA3-01C34154C3DF}.Release|Any CPU.ActiveCfg = Release|Any CPU
		{2C03E43E-A9F2-44D9-9EA3-01C34154C3DF}.Release|Any CPU.Build.0 = Release|Any CPU
		{E0103641-0741-4B4B-9517-1DB51EC08FA0}.Debug|Any CPU.ActiveCfg = Debug|Any CPU
		{E0103641-0741-4B4B-9517-1DB51EC08FA0}.Debug|Any CPU.Build.0 = Debug|Any CPU
		{E0103641-0741-4B4B-9517-1DB51EC08FA0}.Release|Any CPU.ActiveCfg = Release|Any CPU
		{E0103641-0741-4B4B-9517-1DB51EC08FA0}.Release|Any CPU.Build.0 = Release|Any CPU
	EndGlobalSection
	GlobalSection(SolutionProperties) = preSolution
		HideSolutionNode = FALSE
	EndGlobalSection
	GlobalSection(ExtensibilityGlobals) = postSolution
		SolutionGuid = {FD31B672-C96D-4FAC-95A5-D0BE3A36549C}
	EndGlobalSection
EndGlobal
